PODS:
  - ArcAshaLlama (0.1.0)
  - Flutter (1.0.0)
  - path_provider_foundation (0.0.1):
    - Flutter
    - FlutterMacOS

DEPENDENCIES:
  - ArcAshaLlama (from `arcasha_llama`)
  - Flutter (from `Flutter`)
  - path_provider_foundation (from `.symlinks/plugins/path_provider_foundation/darwin`)

EXTERNAL SOURCES:
  ArcAshaLlama:
    :path: arcasha_llama
  Flutter:
    :path: Flutter
  path_provider_foundation:
    :path: ".symlinks/plugins/path_provider_foundation/darwin"

SPEC CHECKSUMS:
  ArcAshaLlama: 7ebf170e18b87d731210559571dba46a3048ba1b
  Flutter: e0871f40cf51350855a761d2e70bf5af5b9b5de7
  path_provider_foundation: 080d55be775b7414fd5a5ef3ac137b97b097e564

PODFILE CHECKSUM: d35c95a3ba39c4112b2c94daaecf3d66d9a041c4

COCOAPODS: 1.16.2
